
Microsoft Visual Studio Solution File, Format Version 12.00
# Visual Studio 15
VisualStudioVersion = 15.0.27004.2010
MinimumVisualStudioVersion = 10.0.40219.1
Project("{8BC9CEB8-8B4A-11D0-8D11-00A0C91BC942}") = "ShellSort", "ShellSort\ShellSort.vcxproj", "{FF665CCC-A228-42B1-AFBC-AA6AB6E99C97}"
EndProject
Global
	GlobalSection(SolutionConfigurationPlatforms) = preSolution
		Debug|x64 = Debug|x64
		Debug|x86 = Debug|x86
		Release|x64 = Release|x64
		Release|x86 = Release|x86
	EndGlobalSection
	GlobalSection(ProjectConfigurationPlatforms) = postSolution
		{FF665CCC-A228-42B1-AFBC-AA6AB6E99C97}.Debug|x64.ActiveCfg = Debug|x64
		{FF665CCC-A228-42B1-AFBC-AA6AB6E99C97}.Debug|x64.Build.0 = Debug|x64
		{FF665CCC-A228-42B1-AFBC-AA6AB6E99C97}.Debug|x86.ActiveCfg = Debug|Win32
		{FF665CCC-A228-42B1-AFBC-AA6AB6E99C97}.Debug|x86.Build.0 = Debug|Win32
		{FF665CCC-A228-42B1-AFBC-AA6AB6E99C97}.Release|x64.ActiveCfg = Release|x64
		{FF665CCC-A228-42B1-AFBC-AA6AB6E99C97}.Release|x64.Build.0 = Release|x64
		{FF665CCC-A228-42B1-AFBC-AA6AB6E99C97}.Release|x86.ActiveCfg = Release|Win32
		{FF665CCC-A228-42B1-AFBC-AA6AB6E99C97}.Release|x86.Build.0 = Release|Win32
	EndGlobalSection
	GlobalSection(SolutionProperties) = preSolution
		HideSolutionNode = FALSE
	EndGlobalSection
	GlobalSection(ExtensibilityGlobals) = postSolution
		SolutionGuid = {65AB94EC-1198-4613-8E20-3DB9A040FC09}
	EndGlobalSection
EndGlobal
