
Microsoft Visual Studio Solution File, Format Version 12.00
# Visual Studio 15
VisualStudioVersion = 15.0.27130.0
MinimumVisualStudioVersion = 10.0.40219.1
Project("{8BC9CEB8-8B4A-11D0-8D11-00A0C91BC942}") = "text_help", "text_help\text_help.vcxproj", "{86235B34-84DD-4A3B-B444-B15EDC1960DC}"
EndProject
Global
	GlobalSection(SolutionConfigurationPlatforms) = preSolution
		Debug|x64 = Debug|x64
		Debug|x86 = Debug|x86
		Release|x64 = Release|x64
		Release|x86 = Release|x86
	EndGlobalSection
	GlobalSection(ProjectConfigurationPlatforms) = postSolution
		{86235B34-84DD-4A3B-B444-B15EDC1960DC}.Debug|x64.ActiveCfg = Debug|x64
		{86235B34-84DD-4A3B-B444-B15EDC1960DC}.Debug|x64.Build.0 = Debug|x64
		{86235B34-84DD-4A3B-B444-B15EDC1960DC}.Debug|x86.ActiveCfg = Debug|Win32
		{86235B34-84DD-4A3B-B444-B15EDC1960DC}.Debug|x86.Build.0 = Debug|Win32
		{86235B34-84DD-4A3B-B444-B15EDC1960DC}.Release|x64.ActiveCfg = Release|x64
		{86235B34-84DD-4A3B-B444-B15EDC1960DC}.Release|x64.Build.0 = Release|x64
		{86235B34-84DD-4A3B-B444-B15EDC1960DC}.Release|x86.ActiveCfg = Release|Win32
		{86235B34-84DD-4A3B-B444-B15EDC1960DC}.Release|x86.Build.0 = Release|Win32
	EndGlobalSection
	GlobalSection(SolutionProperties) = preSolution
		HideSolutionNode = FALSE
	EndGlobalSection
	GlobalSection(ExtensibilityGlobals) = postSolution
		SolutionGuid = {062FDE83-E8CB-4983-8C81-8711BEADDD79}
	EndGlobalSection
EndGlobal
