
Microsoft Visual Studio Solution File, Format Version 12.00
# Visual Studio 15
VisualStudioVersion = 15.0.27130.2010
MinimumVisualStudioVersion = 10.0.40219.1
Project("{8BC9CEB8-8B4A-11D0-8D11-00A0C91BC942}") = "Hash_and_Binary", "Hash_and_Binary\Hash_and_Binary.vcxproj", "{DFBE6987-DACE-4EB9-85C9-91C57A43BDFC}"
EndProject
Global
	GlobalSection(SolutionConfigurationPlatforms) = preSolution
		Debug|x64 = Debug|x64
		Debug|x86 = Debug|x86
		Release|x64 = Release|x64
		Release|x86 = Release|x86
	EndGlobalSection
	GlobalSection(ProjectConfigurationPlatforms) = postSolution
		{DFBE6987-DACE-4EB9-85C9-91C57A43BDFC}.Debug|x64.ActiveCfg = Debug|x64
		{DFBE6987-DACE-4EB9-85C9-91C57A43BDFC}.Debug|x64.Build.0 = Debug|x64
		{DFBE6987-DACE-4EB9-85C9-91C57A43BDFC}.Debug|x86.ActiveCfg = Debug|Win32
		{DFBE6987-DACE-4EB9-85C9-91C57A43BDFC}.Debug|x86.Build.0 = Debug|Win32
		{DFBE6987-DACE-4EB9-85C9-91C57A43BDFC}.Release|x64.ActiveCfg = Release|x64
		{DFBE6987-DACE-4EB9-85C9-91C57A43BDFC}.Release|x64.Build.0 = Release|x64
		{DFBE6987-DACE-4EB9-85C9-91C57A43BDFC}.Release|x86.ActiveCfg = Release|Win32
		{DFBE6987-DACE-4EB9-85C9-91C57A43BDFC}.Release|x86.Build.0 = Release|Win32
	EndGlobalSection
	GlobalSection(SolutionProperties) = preSolution
		HideSolutionNode = FALSE
	EndGlobalSection
	GlobalSection(ExtensibilityGlobals) = postSolution
		SolutionGuid = {720E1DFA-A46C-4BFA-98CC-A61E7E071F82}
	EndGlobalSection
EndGlobal
