
Microsoft Visual Studio Solution File, Format Version 12.00
# Visual Studio 15
VisualStudioVersion = 15.0.27130.0
MinimumVisualStudioVersion = 10.0.40219.1
Project("{8BC9CEB8-8B4A-11D0-8D11-00A0C91BC942}") = "Map", "Map\Map.vcxproj", "{EAE43BE3-F05F-4929-9AFD-782B1994A482}"
EndProject
Global
	GlobalSection(SolutionConfigurationPlatforms) = preSolution
		Debug|x64 = Debug|x64
		Debug|x86 = Debug|x86
		Release|x64 = Release|x64
		Release|x86 = Release|x86
	EndGlobalSection
	GlobalSection(ProjectConfigurationPlatforms) = postSolution
		{EAE43BE3-F05F-4929-9AFD-782B1994A482}.Debug|x64.ActiveCfg = Debug|x64
		{EAE43BE3-F05F-4929-9AFD-782B1994A482}.Debug|x64.Build.0 = Debug|x64
		{EAE43BE3-F05F-4929-9AFD-782B1994A482}.Debug|x86.ActiveCfg = Debug|Win32
		{EAE43BE3-F05F-4929-9AFD-782B1994A482}.Debug|x86.Build.0 = Debug|Win32
		{EAE43BE3-F05F-4929-9AFD-782B1994A482}.Release|x64.ActiveCfg = Release|x64
		{EAE43BE3-F05F-4929-9AFD-782B1994A482}.Release|x64.Build.0 = Release|x64
		{EAE43BE3-F05F-4929-9AFD-782B1994A482}.Release|x86.ActiveCfg = Release|Win32
		{EAE43BE3-F05F-4929-9AFD-782B1994A482}.Release|x86.Build.0 = Release|Win32
	EndGlobalSection
	GlobalSection(SolutionProperties) = preSolution
		HideSolutionNode = FALSE
	EndGlobalSection
	GlobalSection(ExtensibilityGlobals) = postSolution
		SolutionGuid = {A401CBE6-97D1-46B9-A647-47A0F1537E50}
	EndGlobalSection
EndGlobal
