
Microsoft Visual Studio Solution File, Format Version 12.00
# Visual Studio 15
VisualStudioVersion = 15.0.27130.2003
MinimumVisualStudioVersion = 10.0.40219.1
Project("{8BC9CEB8-8B4A-11D0-8D11-00A0C91BC942}") = "SqList", "SqList\SqList.vcxproj", "{63CA96E9-3192-4D15-9115-14081CFE6DA6}"
EndProject
Global
	GlobalSection(SolutionConfigurationPlatforms) = preSolution
		Debug|x64 = Debug|x64
		Debug|x86 = Debug|x86
		Release|x64 = Release|x64
		Release|x86 = Release|x86
	EndGlobalSection
	GlobalSection(ProjectConfigurationPlatforms) = postSolution
		{63CA96E9-3192-4D15-9115-14081CFE6DA6}.Debug|x64.ActiveCfg = Debug|x64
		{63CA96E9-3192-4D15-9115-14081CFE6DA6}.Debug|x64.Build.0 = Debug|x64
		{63CA96E9-3192-4D15-9115-14081CFE6DA6}.Debug|x86.ActiveCfg = Debug|Win32
		{63CA96E9-3192-4D15-9115-14081CFE6DA6}.Debug|x86.Build.0 = Debug|Win32
		{63CA96E9-3192-4D15-9115-14081CFE6DA6}.Release|x64.ActiveCfg = Release|x64
		{63CA96E9-3192-4D15-9115-14081CFE6DA6}.Release|x64.Build.0 = Release|x64
		{63CA96E9-3192-4D15-9115-14081CFE6DA6}.Release|x86.ActiveCfg = Release|Win32
		{63CA96E9-3192-4D15-9115-14081CFE6DA6}.Release|x86.Build.0 = Release|Win32
	EndGlobalSection
	GlobalSection(SolutionProperties) = preSolution
		HideSolutionNode = FALSE
	EndGlobalSection
	GlobalSection(ExtensibilityGlobals) = postSolution
		SolutionGuid = {96D046E4-30AB-4282-8487-0F78313DFC73}
	EndGlobalSection
EndGlobal
